// !$*UTF8*$!
{
	archiveVersion = 1;
	classes = {
	};
	objectVersion = 48;
	objects = {

/* Begin PBXBuildFile section */
		346A44121FA238730009EC9A /* AppDelegate.swift in Sources */ = {isa = PBXBuildFile; fileRef = 346A44111FA238730009EC9A /* AppDelegate.swift */; };
		346A44141FA238730009EC9A /* art.scnassets in Resources */ = {isa = PBXBuildFile; fileRef = 346A44131FA238730009EC9A /* art.scnassets */; };
		346A44161FA238730009EC9A /* ViewController.swift in Sources */ = {isa = PBXBuildFile; fileRef = 346A44151FA238730009EC9A /* ViewController.swift */; };
		346A44191FA238730009EC9A /* Main.storyboard in Resources */ = {isa = PBXBuildFile; fileRef = 346A44171FA238730009EC9A /* Main.storyboard */; };
		346A441B1FA238730009EC9A /* Assets.xcassets in Resources */ = {isa = PBXBuildFile; fileRef = 346A441A1FA238730009EC9A /* Assets.xcassets */; };
		346A441E1FA238730009EC9A /* LaunchScreen.storyboard in Resources */ = {isa = PBXBuildFile; fileRef = 346A441C1FA238730009EC9A /* LaunchScreen.storyboard */; };
		346A44261FA238DF0009EC9A /* Plane.swift in Sources */ = {isa = PBXBuildFile; fileRef = 346A44251FA238DF0009EC9A /* Plane.swift */; };
		346A44281FA238FF0009EC9A /* overlay_grid.png in Resources */ = {isa = PBXBuildFile; fileRef = 346A44271FA238FF0009EC9A /* overlay_grid.png */; };
		346A442A1FA239960009EC9A /* brick-texture.jpg in Resources */ = {isa = PBXBuildFile; fileRef = 346A44291FA239900009EC9A /* brick-texture.jpg */; };
		346A442D1FA23A030009EC9A /* earth.jpg in Resources */ = {isa = PBXBuildFile; fileRef = 346A442C1FA239FE0009EC9A /* earth.jpg */; };
		346A442E1FA23A060009EC9A /* jupiter.jpg in Resources */ = {isa = PBXBuildFile; fileRef = 346A442B1FA239FD0009EC9A /* jupiter.jpg */; };
		346A44301FA23F900009EC9A /* fish.dae in Resources */ = {isa = PBXBuildFile; fileRef = 346A442F1FA23F900009EC9A /* fish.dae */; };
		346A44331FA262DF0009EC9A /* materials.mtl in Resources */ = {isa = PBXBuildFile; fileRef = 346A44321FA262DD0009EC9A /* materials.mtl */; };
		346A44341FA262E40009EC9A /* model.obj in Resources */ = {isa = PBXBuildFile; fileRef = 346A44311FA262DC0009EC9A /* model.obj */; };
		346A44361FA263660009EC9A /* tv.dae in Resources */ = {isa = PBXBuildFile; fileRef = 346A44351FA263660009EC9A /* tv.dae */; };
/* End PBXBuildFile section */

/* Begin PBXFileReference section */
		346A440E1FA238730009EC9A /* BuildingARApps.app */ = {isa = PBXFileReference; explicitFileType = wrapper.application; includeInIndex = 0; path = BuildingARApps.app; sourceTree = BUILT_PRODUCTS_DIR; };
		346A44111FA238730009EC9A /* AppDelegate.swift */ = {isa = PBXFileReference; lastKnownFileType = sourcecode.swift; path = AppDelegate.swift; sourceTree = "<group>"; };
		346A44131FA238730009EC9A /* art.scnassets */ = {isa = PBXFileReference; lastKnownFileType = wrapper.scnassets; path = art.scnassets; sourceTree = "<group>"; };
		346A44151FA238730009EC9A /* ViewController.swift */ = {isa = PBXFileReference; lastKnownFileType = sourcecode.swift; path = ViewController.swift; sourceTree = "<group>"; };
		346A44181FA238730009EC9A /* Base */ = {isa = PBXFileReference; lastKnownFileType = file.storyboard; name = Base; path = Base.lproj/Main.storyboard; sourceTree = "<group>"; };
		346A441A1FA238730009EC9A /* Assets.xcassets */ = {isa = PBXFileReference; lastKnownFileType = folder.assetcatalog; path = Assets.xcassets; sourceTree = "<group>"; };
		346A441D1FA238730009EC9A /* Base */ = {isa = PBXFileReference; lastKnownFileType = file.storyboard; name = Base; path = Base.lproj/LaunchScreen.storyboard; sourceTree = "<group>"; };
		346A441F1FA238730009EC9A /* Info.plist */ = {isa = PBXFileReference; lastKnownFileType = text.plist.xml; path = Info.plist; sourceTree = "<group>"; };
		346A44251FA238DF0009EC9A /* Plane.swift */ = {isa = PBXFileReference; lastKnownFileType = sourcecode.swift; path = Plane.swift; sourceTree = "<group>"; };
		346A44271FA238FF0009EC9A /* overlay_grid.png */ = {isa = PBXFileReference; lastKnownFileType = image.png; path = overlay_grid.png; sourceTree = "<group>"; };
		346A44291FA239900009EC9A /* brick-texture.jpg */ = {isa = PBXFileReference; lastKnownFileType = image.jpeg; path = "brick-texture.jpg"; sourceTree = "<group>"; };
		346A442B1FA239FD0009EC9A /* jupiter.jpg */ = {isa = PBXFileReference; lastKnownFileType = image.jpeg; path = jupiter.jpg; sourceTree = "<group>"; };
		346A442C1FA239FE0009EC9A /* earth.jpg */ = {isa = PBXFileReference; lastKnownFileType = image.jpeg; path = earth.jpg; sourceTree = "<group>"; };
		346A442F1FA23F900009EC9A /* fish.dae */ = {isa = PBXFileReference; fileEncoding = 4; lastKnownFileType = text.xml.dae; path = fish.dae; sourceTree = "<group>"; };
		346A44311FA262DC0009EC9A /* model.obj */ = {isa = PBXFileReference; lastKnownFileType = text; path = model.obj; sourceTree = "<group>"; };
		346A44321FA262DD0009EC9A /* materials.mtl */ = {isa = PBXFileReference; lastKnownFileType = text; path = materials.mtl; sourceTree = "<group>"; };
		346A44351FA263660009EC9A /* tv.dae */ = {isa = PBXFileReference; fileEncoding = 4; lastKnownFileType = text.xml.dae; path = tv.dae; sourceTree = "<group>"; };
/* End PBXFileReference section */

/* Begin PBXFrameworksBuildPhase section */
		346A440B1FA238730009EC9A /* Frameworks */ = {
			isa = PBXFrameworksBuildPhase;
			buildActionMask = 2147483647;
			files = (
			);
			runOnlyForDeploymentPostprocessing = 0;
		};
/* End PBXFrameworksBuildPhase section */

/* Begin PBXGroup section */
		346A44051FA238730009EC9A = {
			isa = PBXGroup;
			children = (
				346A44101FA238730009EC9A /* BuildingARApps */,
				346A440F1FA238730009EC9A /* Products */,
			);
			sourceTree = "<group>";
		};
		346A440F1FA238730009EC9A /* Products */ = {
			isa = PBXGroup;
			children = (
				346A440E1FA238730009EC9A /* BuildingARApps.app */,
			);
			name = Products;
			sourceTree = "<group>";
		};
		346A44101FA238730009EC9A /* BuildingARApps */ = {
			isa = PBXGroup;
			children = (
				346A44351FA263660009EC9A /* tv.dae */,
				346A442F1FA23F900009EC9A /* fish.dae */,
				346A44271FA238FF0009EC9A /* overlay_grid.png */,
				346A44291FA239900009EC9A /* brick-texture.jpg */,
				346A442C1FA239FE0009EC9A /* earth.jpg */,
				346A442B1FA239FD0009EC9A /* jupiter.jpg */,
				346A44111FA238730009EC9A /* AppDelegate.swift */,
				346A44131FA238730009EC9A /* art.scnassets */,
				346A44151FA238730009EC9A /* ViewController.swift */,
				346A44171FA238730009EC9A /* Main.storyboard */,
				346A44321FA262DD0009EC9A /* materials.mtl */,
				346A44311FA262DC0009EC9A /* model.obj */,
				346A441A1FA238730009EC9A /* Assets.xcassets */,
				346A441C1FA238730009EC9A /* LaunchScreen.storyboard */,
				346A441F1FA238730009EC9A /* Info.plist */,
				346A44251FA238DF0009EC9A /* Plane.swift */,
			);
			path = BuildingARApps;
			sourceTree = "<group>";
		};
/* End PBXGroup section */

/* Begin PBXNativeTarget section */
		346A440D1FA238730009EC9A /* BuildingARApps */ = {
			isa = PBXNativeTarget;
			buildConfigurationList = 346A44221FA238730009EC9A /* Build configuration list for PBXNativeTarget "BuildingARApps" */;
			buildPhases = (
				346A440A1FA238730009EC9A /* Sources */,
				346A440B1FA238730009EC9A /* Frameworks */,
				346A440C1FA238730009EC9A /* Resources */,
			);
			buildRules = (
			);
			dependencies = (
			);
			name = BuildingARApps;
			productName = BuildingARApps;
			productReference = 346A440E1FA238730009EC9A /* BuildingARApps.app */;
			productType = "com.apple.product-type.application";
		};
/* End PBXNativeTarget section */

/* Begin PBXProject section */
		346A44061FA238730009EC9A /* Project object */ = {
			isa = PBXProject;
			attributes = {
				LastSwiftUpdateCheck = 0900;
				LastUpgradeCheck = 0900;
				ORGANIZATIONNAME = "Mohammad Azam";
				TargetAttributes = {
					346A440D1FA238730009EC9A = {
						CreatedOnToolsVersion = 9.0;
						ProvisioningStyle = Automatic;
					};
				};
			};
			buildConfigurationList = 346A44091FA238730009EC9A /* Build configuration list for PBXProject "BuildingARApps" */;
			compatibilityVersion = "Xcode 8.0";
			developmentRegion = en;
			hasScannedForEncodings = 0;
			knownRegions = (
				en,
				Base,
			);
			mainGroup = 346A44051FA238730009EC9A;
			productRefGroup = 346A440F1FA238730009EC9A /* Products */;
			projectDirPath = "";
			projectRoot = "";
			targets = (
				346A440D1FA238730009EC9A /* BuildingARApps */,
			);
		};
/* End PBXProject section */

/* Begin PBXResourcesBuildPhase section */
		346A440C1FA238730009EC9A /* Resources */ = {
			isa = PBXResourcesBuildPhase;
			buildActionMask = 2147483647;
			files = (
				346A44361FA263660009EC9A /* tv.dae in Resources */,
				346A44331FA262DF0009EC9A /* materials.mtl in Resources */,
				346A44341FA262E40009EC9A /* model.obj in Resources */,
				346A44141FA238730009EC9A /* art.scnassets in Resources */,
				346A44281FA238FF0009EC9A /* overlay_grid.png in Resources */,
				346A441E1FA238730009EC9A /* LaunchScreen.storyboard in Resources */,
				346A44301FA23F900009EC9A /* fish.dae in Resources */,
				346A442D1FA23A030009EC9A /* earth.jpg in Resources */,
				346A442A1FA239960009EC9A /* brick-texture.jpg in Resources */,
				346A442E1FA23A060009EC9A /* jupiter.jpg in Resources */,
				346A441B1FA238730009EC9A /* Assets.xcassets in Resources */,
				346A44191FA238730009EC9A /* Main.storyboard in Resources */,
			);
			runOnlyForDeploymentPostprocessing = 0;
		};
/* End PBXResourcesBuildPhase section */

/* Begin PBXSourcesBuildPhase section */
		346A440A1FA238730009EC9A /* Sources */ = {
			isa = PBXSourcesBuildPhase;
			buildActionMask = 2147483647;
			files = (
				346A44161FA238730009EC9A /* ViewController.swift in Sources */,
				346A44261FA238DF0009EC9A /* Plane.swift in Sources */,
				346A44121FA238730009EC9A /* AppDelegate.swift in Sources */,
			);
			runOnlyForDeploymentPostprocessing = 0;
		};
/* End PBXSourcesBuildPhase section */

/* Begin PBXVariantGroup section */
		346A44171FA238730009EC9A /* Main.storyboard */ = {
			isa = PBXVariantGroup;
			children = (
				346A44181FA238730009EC9A /* Base */,
			);
			name = Main.storyboard;
			sourceTree = "<group>";
		};
		346A441C1FA238730009EC9A /* LaunchScreen.storyboard */ = {
			isa = PBXVariantGroup;
			children = (
				346A441D1FA238730009EC9A /* Base */,
			);
			name = LaunchScreen.storyboard;
			sourceTree = "<group>";
		};
/* End PBXVariantGroup section */

/* Begin XCBuildConfiguration section */
		346A44201FA238730009EC9A /* Debug */ = {
			isa = XCBuildConfiguration;
			buildSettings = {
				ALWAYS_SEARCH_USER_PATHS = NO;
				CLANG_ANALYZER_NONNULL = YES;
				CLANG_ANALYZER_NUMBER_OBJECT_CONVERSION = YES_AGGRESSIVE;
				CLANG_CXX_LANGUAGE_STANDARD = "gnu++14";
				CLANG_CXX_LIBRARY = "libc++";
				CLANG_ENABLE_MODULES = YES;
				CLANG_ENABLE_OBJC_ARC = YES;
				CLANG_WARN_BLOCK_CAPTURE_AUTORELEASING = YES;
				CLANG_WARN_BOOL_CONVERSION = YES;
				CLANG_WARN_COMMA = YES;
				CLANG_WARN_CONSTANT_CONVERSION = YES;
				CLANG_WARN_DIRECT_OBJC_ISA_USAGE = YES_ERROR;
				CLANG_WARN_DOCUMENTATION_COMMENTS = YES;
				CLANG_WARN_EMPTY_BODY = YES;
				CLANG_WARN_ENUM_CONVERSION = YES;
				CLANG_WARN_INFINITE_RECURSION = YES;
				CLANG_WARN_INT_CONVERSION = YES;
				CLANG_WARN_NON_LITERAL_NULL_CONVERSION = YES;
				CLANG_WARN_OBJC_LITERAL_CONVERSION = YES;
				CLANG_WARN_OBJC_ROOT_CLASS = YES_ERROR;
				CLANG_WARN_RANGE_LOOP_ANALYSIS = YES;
				CLANG_WARN_STRICT_PROTOTYPES = YES;
				CLANG_WARN_SUSPICIOUS_MOVE = YES;
				CLANG_WARN_UNGUARDED_AVAILABILITY = YES_AGGRESSIVE;
				CLANG_WARN_UNREACHABLE_CODE = YES;
				CLANG_WARN__DUPLICATE_METHOD_MATCH = YES;
				CODE_SIGN_IDENTITY = "iPhone Developer";
				COPY_PHASE_STRIP = NO;
				DEBUG_INFORMATION_FORMAT = dwarf;
				ENABLE_STRICT_OBJC_MSGSEND = YES;
				ENABLE_TESTABILITY = YES;
				GCC_C_LANGUAGE_STANDARD = gnu11;
				GCC_DYNAMIC_NO_PIC = NO;
				GCC_NO_COMMON_BLOCKS = YES;
				GCC_OPTIMIZATION_LEVEL = 0;
				GCC_PREPROCESSOR_DEFINITIONS = (
					"DEBUG=1",
					"$(inherited)",
				);
				GCC_WARN_64_TO_32_BIT_CONVERSION = YES;
				GCC_WARN_ABOUT_RETURN_TYPE = YES_ERROR;
				GCC_WARN_UNDECLARED_SELECTOR = YES;
				GCC_WARN_UNINITIALIZED_AUTOS = YES_AGGRESSIVE;
				GCC_WARN_UNUSED_FUNCTION = YES;
				GCC_WARN_UNUSED_VARIABLE = YES;
				IPHONEOS_DEPLOYMENT_TARGET = 11.0;
				MTL_ENABLE_DEBUG_INFO = YES;
				ONLY_ACTIVE_ARCH = YES;
				SDKROOT = iphoneos;
				SWIFT_ACTIVE_COMPILATION_CONDITIONS = DEBUG;
				SWIFT_OPTIMIZATION_LEVEL = "-Onone";
			};
			name = Debug;
		};
		346A44211FA238730009EC9A /* Release */ = {
			isa = XCBuildConfiguration;
			buildSettings = {
				ALWAYS_SEARCH_USER_PATHS = NO;
				CLANG_ANALYZER_NONNULL = YES;
				CLANG_ANALYZER_NUMBER_OBJECT_CONVERSION = YES_AGGRESSIVE;
				CLANG_CXX_LANGUAGE_STANDARD = "gnu++14";
				CLANG_CXX_LIBRARY = "libc++";
				CLANG_ENABLE_MODULES = YES;
				CLANG_ENABLE_OBJC_ARC = YES;
				CLANG_WARN_BLOCK_CAPTURE_AUTORELEASING = YES;
				CLANG_WARN_BOOL_CONVERSION = YES;
				CLANG_WARN_COMMA = YES;
				CLANG_WARN_CONSTANT_CONVERSION = YES;
				CLANG_WARN_DIRECT_OBJC_ISA_USAGE = YES_ERROR;
				CLANG_WARN_DOCUMENTATION_COMMENTS = YES;
				CLANG_WARN_EMPTY_BODY = YES;
				CLANG_WARN_ENUM_CONVERSION = YES;
				CLANG_WARN_INFINITE_RECURSION = YES;
				CLANG_WARN_INT_CONVERSION = YES;
				CLANG_WARN_NON_LITERAL_NULL_CONVERSION = YES;
				CLANG_WARN_OBJC_LITERAL_CONVERSION = YES;
				CLANG_WARN_OBJC_ROOT_CLASS = YES_ERROR;
				CLANG_WARN_RANGE_LOOP_ANALYSIS = YES;
				CLANG_WARN_STRICT_PROTOTYPES = YES;
				CLANG_WARN_SUSPICIOUS_MOVE = YES;
				CLANG_WARN_UNGUARDED_AVAILABILITY = YES_AGGRESSIVE;
				CLANG_WARN_UNREACHABLE_CODE = YES;
				CLANG_WARN__DUPLICATE_METHOD_MATCH = YES;
				CODE_SIGN_IDENTITY = "iPhone Developer";
				COPY_PHASE_STRIP = NO;
				DEBUG_INFORMATION_FORMAT = "dwarf-with-dsym";
				ENABLE_NS_ASSERTIONS = NO;
				ENABLE_STRICT_OBJC_MSGSEND = YES;
				GCC_C_LANGUAGE_STANDARD = gnu11;
				GCC_NO_COMMON_BLOCKS = YES;
				GCC_WARN_64_TO_32_BIT_CONVERSION = YES;
				GCC_WARN_ABOUT_RETURN_TYPE = YES_ERROR;
				GCC_WARN_UNDECLARED_SELECTOR = YES;
				GCC_WARN_UNINITIALIZED_AUTOS = YES_AGGRESSIVE;
				GCC_WARN_UNUSED_FUNCTION = YES;
				GCC_WARN_UNUSED_VARIABLE = YES;
				IPHONEOS_DEPLOYMENT_TARGET = 11.0;
				MTL_ENABLE_DEBUG_INFO = NO;
				SDKROOT = iphoneos;
				SWIFT_OPTIMIZATION_LEVEL = "-Owholemodule";
				VALIDATE_PRODUCT = YES;
			};
			name = Release;
		};
		346A44231FA238730009EC9A /* Debug */ = {
			isa = XCBuildConfiguration;
			buildSettings = {
				ASSETCATALOG_COMPILER_APPICON_NAME = AppIcon;
				CODE_SIGN_STYLE = Automatic;
				DEVELOPMENT_TEAM = B2Q8EGNCQA;
				INFOPLIST_FILE = BuildingARApps/Info.plist;
				LD_RUNPATH_SEARCH_PATHS = "$(inherited) @executable_path/Frameworks";
				PRODUCT_BUNDLE_IDENTIFIER = com.azamsharp.BuildingARApps;
				PRODUCT_NAME = "$(TARGET_NAME)";
				SWIFT_VERSION = 4.0;
				TARGETED_DEVICE_FAMILY = "1,2";
			};
			name = Debug;
		};
		346A44241FA238730009EC9A /* Release */ = {
			isa = XCBuildConfiguration;
			buildSettings = {
				ASSETCATALOG_COMPILER_APPICON_NAME = AppIcon;
				CODE_SIGN_STYLE = Automatic;
				DEVELOPMENT_TEAM = B2Q8EGNCQA;
				INFOPLIST_FILE = BuildingARApps/Info.plist;
				LD_RUNPATH_SEARCH_PATHS = "$(inherited) @executable_path/Frameworks";
				PRODUCT_BUNDLE_IDENTIFIER = com.azamsharp.BuildingARApps;
				PRODUCT_NAME = "$(TARGET_NAME)";
				SWIFT_VERSION = 4.0;
				TARGETED_DEVICE_FAMILY = "1,2";
			};
			name = Release;
		};
/* End XCBuildConfiguration section */

/* Begin XCConfigurationList section */
		346A44091FA238730009EC9A /* Build configuration list for PBXProject "BuildingARApps" */ = {
			isa = XCConfigurationList;
			buildConfigurations = (
				346A44201FA238730009EC9A /* Debug */,
				346A44211FA238730009EC9A /* Release */,
			);
			defaultConfigurationIsVisible = 0;
			defaultConfigurationName = Release;
		};
		346A44221FA238730009EC9A /* Build configuration list for PBXNativeTarget "BuildingARApps" */ = {
			isa = XCConfigurationList;
			buildConfigurations = (
				346A44231FA238730009EC9A /* Debug */,
				346A44241FA238730009EC9A /* Release */,
			);
			defaultConfigurationIsVisible = 0;
			defaultConfigurationName = Release;
		};
/* End XCConfigurationList section */
	};
	rootObject = 346A44061FA238730009EC9A /* Project object */;
}
